github.com/cheekybits/is v0.0.0-20150225183255-68e9c0620927 h1:SKI1/fuSdodxmNNyVBR8d7X/HuLnRpvvFO0AgyQk764=
github.com/cheekybits/is v0.0.0-20150225183255-68e9c0620927/go.mod h1:h/aW8ynjgkuj+NQRlZcDbAbM1ORAbXjXX77sX7T289U=
github.com/drone/drone-go v0.0.0-20160502151758-eaa41f7836a1 h1:2fZ6NZF8Z37FLn5NIElsW3OELMY2xzQ2XPuXJmnAowE=
github.com/drone/drone-go v0.0.0-20160502151758-eaa41f7836a1/go.mod h1:qVb1k1w9X5jgoGyLtbnfWNnd4XZfAwokxBmiutbpGqw=
github.com/drone/drone-go v0.8.4/go.mod h1:qVb1k1w9X5jgoGyLtbnfWNnd4XZfAwokxBmiutbpGqw=
github.com/matryer/try v0.0.0-20161228173917-9ac251b645a2 h1:JAEbJn3j/FrhdWA9jW8B5ajsLIjeuEHLi8xE4fk997o=
github.com/matryer/try v0.0.0-20161228173917-9ac251b645a2/go.mod h1:0KeJpeMD6o+O4hW7qJOT7vyQPKrWmj26uf5wMc/IiIs=
gopkg.in/matryer/try.v1 v1.0.0-20150601225556-312d2599e12e h1:bJHzu9Qwc9wQRWJ/WVkJGAfs+riucl/tKAFNxf9pzqk=
gopkg.in/matryer/try.v1 v1.0.0-20150601225556-312d2599e12e/go.mod h1:tve0rTLdGlwnXF7iBO9rbAEyeXvuuPx0n4DvXS/Nw7o=
